
Microsoft Visual Studio Solution File, Format Version 12.00
# Visual Studio Version 17
VisualStudioVersion = 17.1.32421.90
MinimumVisualStudioVersion = 10.0.40219.1
Project("{FAE04EC0-301F-11D3-BF4B-00C04F79EFBC}") = "Test.API", "Test.API\Test.API.csproj", "{5DF3AD40-5839-4C11-8F7B-AE054DA01AA5}"
EndProject
Project("{FAE04EC0-301F-11D3-BF4B-00C04F79EFBC}") = "Shared.Lib", "Shared.Lib\Shared.Lib.csproj", "{F9F9A00C-0C11-45BA-A096-C1870BBA5451}"
EndProject
Global
	GlobalSection(SolutionConfigurationPlatforms) = preSolution
		Debug|Any CPU = Debug|Any CPU
		Release|Any CPU = Release|Any CPU
	EndGlobalSection
	GlobalSection(ProjectConfigurationPlatforms) = postSolution
		{5DF3AD40-5839-4C11-8F7B-AE054DA01AA5}.Debug|Any CPU.ActiveCfg = Debug|Any CPU
		{5DF3AD40-5839-4C11-8F7B-AE054DA01AA5}.Debug|Any CPU.Build.0 = Debug|Any CPU
		{5DF3AD40-5839-4C11-8F7B-AE054DA01AA5}.Release|Any CPU.ActiveCfg = Release|Any CPU
		{5DF3AD40-5839-4C11-8F7B-AE054DA01AA5}.Release|Any CPU.Build.0 = Release|Any CPU
		{F9F9A00C-0C11-45BA-A096-C1870BBA5451}.Debug|Any CPU.ActiveCfg = Debug|Any CPU
		{F9F9A00C-0C11-45BA-A096-C1870BBA5451}.Debug|Any CPU.Build.0 = Debug|Any CPU
		{F9F9A00C-0C11-45BA-A096-C1870BBA5451}.Release|Any CPU.ActiveCfg = Release|Any CPU
		{F9F9A00C-0C11-45BA-A096-C1870BBA5451}.Release|Any CPU.Build.0 = Release|Any CPU
	EndGlobalSection
	GlobalSection(SolutionProperties) = preSolution
		HideSolutionNode = FALSE
	EndGlobalSection
	GlobalSection(ExtensibilityGlobals) = postSolution
		SolutionGuid = {B396F4C4-6E30-461A-B028-CA35FC7AFFE6}
	EndGlobalSection
EndGlobal
